{
    "_readme": [
        "This file locks the dependencies of your project to a known state",
        "Read more about it at https://getcomposer.org/doc/01-basic-usage.md#installing-dependencies",
        "This file is @generated automatically"
    ],
    "content-hash": "5d54dc0eb030c97b2156db8507599b70",
    "packages": [],
    "packages-dev": [],
    "aliases": [],
    "minimum-stability": "stable",
    "stability-flags": [],
    "prefer-stable": false,
    "prefer-lowest": false,
    "platform": {
        "php": "^7.2",
        "ext-pdo": "^7.2",
        "ext-json": "*",
        "ext-curl": "*",
        "ext-simplexml": "*",
        "ext-mbstring": "*",
        "ext-gd": "*"
    },
    "platform-dev": []
}
